
Microsoft Visual Studio Solution File, Format Version 11.00
# Visual Studio 2010
Project("{FAE04EC0-301F-11D3-BF4B-00C04F79EFBC}") = "Editor Graficacion 3D OpenGL", "Editor Graficacion 3D OpenGL\Editor Graficacion 3D OpenGL.csproj", "{1420CE02-318D-4FD7-986B-C618EE39C3F7}"
EndProject
Global
	GlobalSection(SolutionConfigurationPlatforms) = preSolution
		Debug|x86 = Debug|x86
		Release|x86 = Release|x86
	EndGlobalSection
	GlobalSection(ProjectConfigurationPlatforms) = postSolution
		{1420CE02-318D-4FD7-986B-C618EE39C3F7}.Debug|x86.ActiveCfg = Debug|x86
		{1420CE02-318D-4FD7-986B-C618EE39C3F7}.Debug|x86.Build.0 = Debug|x86
		{1420CE02-318D-4FD7-986B-C618EE39C3F7}.Release|x86.ActiveCfg = Release|x86
		{1420CE02-318D-4FD7-986B-C618EE39C3F7}.Release|x86.Build.0 = Release|x86
	EndGlobalSection
	GlobalSection(SolutionProperties) = preSolution
		HideSolutionNode = FALSE
	EndGlobalSection
EndGlobal
